
Microsoft Visual Studio Solution File, Format Version 12.00
# Visual Studio Version 16
VisualStudioVersion = 16.0.33801.447
MinimumVisualStudioVersion = 10.0.40219.1
Project("{FAE04EC0-301F-11D3-BF4B-00C04F79EFBC}") = "BodyMass", "BodyMass\BodyMass.csproj", "{F263BB62-B2D9-4438-A2CD-A3B9E002423A}"
EndProject
Global
	GlobalSection(SolutionConfigurationPlatforms) = preSolution
		Debug|Any CPU = Debug|Any CPU
		Release|Any CPU = Release|Any CPU
	EndGlobalSection
	GlobalSection(ProjectConfigurationPlatforms) = postSolution
		{F263BB62-B2D9-4438-A2CD-A3B9E002423A}.Debug|Any CPU.ActiveCfg = Debug|Any CPU
		{F263BB62-B2D9-4438-A2CD-A3B9E002423A}.Debug|Any CPU.Build.0 = Debug|Any CPU
		{F263BB62-B2D9-4438-A2CD-A3B9E002423A}.Release|Any CPU.ActiveCfg = Release|Any CPU
		{F263BB62-B2D9-4438-A2CD-A3B9E002423A}.Release|Any CPU.Build.0 = Release|Any CPU
	EndGlobalSection
	GlobalSection(SolutionProperties) = preSolution
		HideSolutionNode = FALSE
	EndGlobalSection
	GlobalSection(ExtensibilityGlobals) = postSolution
		SolutionGuid = {332F6ECA-624C-4EAD-BC95-60A66426D3E4}
	EndGlobalSection
EndGlobal
